
Microsoft Visual Studio Solution File, Format Version 12.00
# Visual Studio Version 17
VisualStudioVersion = 17.1.32421.90
MinimumVisualStudioVersion = 10.0.40219.1
Project("{FAE04EC0-301F-11D3-BF4B-00C04F79EFBC}") = "TenantAccount", "TenantAccount\TenantAccount.csproj", "{F2CCBCF3-EA33-423E-B201-905A42056430}"
EndProject
Global
	GlobalSection(SolutionConfigurationPlatforms) = preSolution
		Debug|Any CPU = Debug|Any CPU
		Release|Any CPU = Release|Any CPU
	EndGlobalSection
	GlobalSection(ProjectConfigurationPlatforms) = postSolution
		{F2CCBCF3-EA33-423E-B201-905A42056430}.Debug|Any CPU.ActiveCfg = Debug|Any CPU
		{F2CCBCF3-EA33-423E-B201-905A42056430}.Debug|Any CPU.Build.0 = Debug|Any CPU
		{F2CCBCF3-EA33-423E-B201-905A42056430}.Release|Any CPU.ActiveCfg = Release|Any CPU
		{F2CCBCF3-EA33-423E-B201-905A42056430}.Release|Any CPU.Build.0 = Release|Any CPU
	EndGlobalSection
	GlobalSection(SolutionProperties) = preSolution
		HideSolutionNode = FALSE
	EndGlobalSection
	GlobalSection(ExtensibilityGlobals) = postSolution
		SolutionGuid = {50BDE6DA-F13A-4BAE-809E-5AC3B3FF40AC}
	EndGlobalSection
EndGlobal
